# This file is automatically @generated by Poetry 1.5.1 and should not be changed by hand.

[[package]]
name = "peewee"
version = "3.16.2"
description = "a little orm"
optional = false
python-versions = "*"
files = [
    {file = "peewee-3.16.2.tar.gz", hash = "sha256:10769981198c7311f84a0ca8db892fa213303a8eb1305deb795a71e7bd606a91"},
]

[metadata]
lock-version = "2.0"
python-versions = "^3.11"
content-hash = "d0cc7308464880cb81e3aec69254a5924e4d18162d46cf0665f80ab0b8bdb552"
